
Microsoft Visual Studio Solution File, Format Version 12.00
# Visual Studio 15
VisualStudioVersion = 15.0.28307.539
MinimumVisualStudioVersion = 10.0.40219.1
Project("{FAE04EC0-301F-11D3-BF4B-00C04F79EFBC}") = "SimpleCalculator", "SimpleCalculator\SimpleCalculator.csproj", "{DC77CC8B-A44E-4644-81DF-7E134C051C66}"
EndProject
Project("{FAE04EC0-301F-11D3-BF4B-00C04F79EFBC}") = "SimpleCalculator.Test.Unit", "SimpleCalculator.Test.Unit\SimpleCalculator.Test.Unit.csproj", "{0E56F92A-006F-45AF-AF2D-D9447E2D5DB5}"
EndProject
Global
	GlobalSection(SolutionConfigurationPlatforms) = preSolution
		Debug|Any CPU = Debug|Any CPU
		Release|Any CPU = Release|Any CPU
	EndGlobalSection
	GlobalSection(ProjectConfigurationPlatforms) = postSolution
		{DC77CC8B-A44E-4644-81DF-7E134C051C66}.Debug|Any CPU.ActiveCfg = Debug|Any CPU
		{DC77CC8B-A44E-4644-81DF-7E134C051C66}.Debug|Any CPU.Build.0 = Debug|Any CPU
		{DC77CC8B-A44E-4644-81DF-7E134C051C66}.Release|Any CPU.ActiveCfg = Release|Any CPU
		{DC77CC8B-A44E-4644-81DF-7E134C051C66}.Release|Any CPU.Build.0 = Release|Any CPU
		{0E56F92A-006F-45AF-AF2D-D9447E2D5DB5}.Debug|Any CPU.ActiveCfg = Debug|Any CPU
		{0E56F92A-006F-45AF-AF2D-D9447E2D5DB5}.Debug|Any CPU.Build.0 = Debug|Any CPU
		{0E56F92A-006F-45AF-AF2D-D9447E2D5DB5}.Release|Any CPU.ActiveCfg = Release|Any CPU
		{0E56F92A-006F-45AF-AF2D-D9447E2D5DB5}.Release|Any CPU.Build.0 = Release|Any CPU
	EndGlobalSection
	GlobalSection(SolutionProperties) = preSolution
		HideSolutionNode = FALSE
	EndGlobalSection
	GlobalSection(ExtensibilityGlobals) = postSolution
		SolutionGuid = {A3E91552-B9DD-4E2F-A02B-958E66F5309E}
	EndGlobalSection
EndGlobal
